
Microsoft Visual Studio Solution File, Format Version 12.00
# Visual Studio Version 16
VisualStudioVersion = 16.0.31729.503
MinimumVisualStudioVersion = 10.0.40219.1
Project("{8BC9CEB8-8B4A-11D0-8D11-00A0C91BC942}") = "MFCDriverApplication", "MFCDriverApplication.vcxproj", "{40353F8B-062E-4908-8B38-ABB93537683E}"
EndProject
Global
	GlobalSection(SolutionConfigurationPlatforms) = preSolution
		Debug|x64 = Debug|x64
		Debug|x86 = Debug|x86
		Release|x64 = Release|x64
		Release|x86 = Release|x86
	EndGlobalSection
	GlobalSection(ProjectConfigurationPlatforms) = postSolution
		{40353F8B-062E-4908-8B38-ABB93537683E}.Debug|x64.ActiveCfg = Debug|x64
		{40353F8B-062E-4908-8B38-ABB93537683E}.Debug|x64.Build.0 = Debug|x64
		{40353F8B-062E-4908-8B38-ABB93537683E}.Debug|x86.ActiveCfg = Debug|Win32
		{40353F8B-062E-4908-8B38-ABB93537683E}.Debug|x86.Build.0 = Debug|Win32
		{40353F8B-062E-4908-8B38-ABB93537683E}.Release|x64.ActiveCfg = Release|x64
		{40353F8B-062E-4908-8B38-ABB93537683E}.Release|x64.Build.0 = Release|x64
		{40353F8B-062E-4908-8B38-ABB93537683E}.Release|x86.ActiveCfg = Release|Win32
		{40353F8B-062E-4908-8B38-ABB93537683E}.Release|x86.Build.0 = Release|Win32
	EndGlobalSection
	GlobalSection(SolutionProperties) = preSolution
		HideSolutionNode = FALSE
	EndGlobalSection
	GlobalSection(ExtensibilityGlobals) = postSolution
		SolutionGuid = {421ABDB5-F03D-4E8F-9142-D4C84BBF46FC}
	EndGlobalSection
EndGlobal
